
Microsoft Visual Studio Solution File, Format Version 12.00
# Visual Studio 2017
Project("{FAE04EC0-301F-11D3-BF4B-00C04F79EFBC}") = "Water Testing.Plugins", "Water Testing.Plugins.csproj", "{BEE440BD-15F5-54B9-22B1-8A10320770EB}"
EndProject
Project("{FAE04EC0-301F-11D3-BF4B-00C04F79EFBC}") = "Water Testing.Editor.Plugins", "Water Testing.Editor.Plugins.csproj", "{884F64FA-A774-F587-CD25-FE197C90A069}"
EndProject
Global
	GlobalSection(SolutionConfigurationPlatforms) = preSolution
		Debug|Any CPU = Debug|Any CPU
		Release|Any CPU = Release|Any CPU
	EndGlobalSection
	GlobalSection(ProjectConfigurationPlatforms) = postSolution
		{BEE440BD-15F5-54B9-22B1-8A10320770EB}.Debug|Any CPU.ActiveCfg = Debug|Any CPU
		{BEE440BD-15F5-54B9-22B1-8A10320770EB}.Debug|Any CPU.Build.0 = Debug|Any CPU
		{BEE440BD-15F5-54B9-22B1-8A10320770EB}.Release|Any CPU.ActiveCfg = Release|Any CPU
		{BEE440BD-15F5-54B9-22B1-8A10320770EB}.Release|Any CPU.Build.0 = Release|Any CPU
		{884F64FA-A774-F587-CD25-FE197C90A069}.Debug|Any CPU.ActiveCfg = Debug|Any CPU
		{884F64FA-A774-F587-CD25-FE197C90A069}.Debug|Any CPU.Build.0 = Debug|Any CPU
		{884F64FA-A774-F587-CD25-FE197C90A069}.Release|Any CPU.ActiveCfg = Release|Any CPU
		{884F64FA-A774-F587-CD25-FE197C90A069}.Release|Any CPU.Build.0 = Release|Any CPU
	EndGlobalSection
	GlobalSection(SolutionProperties) = preSolution
		HideSolutionNode = FALSE
	EndGlobalSection
EndGlobal
